// !$*UTF8*$!
{
	archiveVersion = 1;
	classes = {
	};
	objectVersion = 56;
	objects = {

/* Begin PBXBuildFile section */
		CC19A3682A8E7FA60034FE8F /* AppDelegate.swift in Sources */ = {isa = PBXBuildFile; fileRef = CC19A3672A8E7FA60034FE8F /* AppDelegate.swift */; };
		CC19A36A2A8E7FA60034FE8F /* SceneDelegate.swift in Sources */ = {isa = PBXBuildFile; fileRef = CC19A3692A8E7FA60034FE8F /* SceneDelegate.swift */; };
		CC19A36C2A8E7FA60034FE8F /* MainViewController.swift in Sources */ = {isa = PBXBuildFile; fileRef = CC19A36B2A8E7FA60034FE8F /* MainViewController.swift */; };
		CC19A3712A8E7FA90034FE8F /* Assets.xcassets in Resources */ = {isa = PBXBuildFile; fileRef = CC19A3702A8E7FA90034FE8F /* Assets.xcassets */; };
		CC19A3742A8E7FA90034FE8F /* LaunchScreen.storyboard in Resources */ = {isa = PBXBuildFile; fileRef = CC19A3722A8E7FA90034FE8F /* LaunchScreen.storyboard */; };
		CC19A37C2A8F83C70034FE8F /* CollectionViewCell.swift in Sources */ = {isa = PBXBuildFile; fileRef = CC19A37B2A8F83C70034FE8F /* CollectionViewCell.swift */; };
		CC19A37E2A8FDD120034FE8F /* SectionHeader.swift in Sources */ = {isa = PBXBuildFile; fileRef = CC19A37D2A8FDD120034FE8F /* SectionHeader.swift */; };
		CC19A3812A8FDFC30034FE8F /* SnapKit in Frameworks */ = {isa = PBXBuildFile; productRef = CC19A3802A8FDFC30034FE8F /* SnapKit */; };
		CC19A3852A90D2770034FE8F /* MainPresenter.swift in Sources */ = {isa = PBXBuildFile; fileRef = CC19A3842A90D2770034FE8F /* MainPresenter.swift */; };
		CC19A3872A90D42F0034FE8F /* ModuleBuilder.swift in Sources */ = {isa = PBXBuildFile; fileRef = CC19A3862A90D42F0034FE8F /* ModuleBuilder.swift */; };
		CC19A3892A90D43F0034FE8F /* Router.swift in Sources */ = {isa = PBXBuildFile; fileRef = CC19A3882A90D43F0034FE8F /* Router.swift */; };
		CC19A38B2A90D60F0034FE8F /* CharactersModel.swift in Sources */ = {isa = PBXBuildFile; fileRef = CC19A38A2A90D60F0034FE8F /* CharactersModel.swift */; };
		CC19A38D2A90E30A0034FE8F /* NetworkProvaider.swift in Sources */ = {isa = PBXBuildFile; fileRef = CC19A38C2A90E30A0034FE8F /* NetworkProvaider.swift */; };
		CC19A38F2A90F6440034FE8F /* InfoCharactersModel.swift in Sources */ = {isa = PBXBuildFile; fileRef = CC19A38E2A90F6440034FE8F /* InfoCharactersModel.swift */; };
		CC19A3912A90F66F0034FE8F /* CountOfCharacterModel.swift in Sources */ = {isa = PBXBuildFile; fileRef = CC19A3902A90F66F0034FE8F /* CountOfCharacterModel.swift */; };
		CC19A39D2A90F75F0034FE8F /* Constants.swift in Sources */ = {isa = PBXBuildFile; fileRef = CC19A39C2A90F75F0034FE8F /* Constants.swift */; };
		CC19A39F2A910F3C0034FE8F /* DetailedViewController.swift in Sources */ = {isa = PBXBuildFile; fileRef = CC19A39E2A910F3C0034FE8F /* DetailedViewController.swift */; };
		CC19A3A12A910F9D0034FE8F /* DetailedPresenter.swift in Sources */ = {isa = PBXBuildFile; fileRef = CC19A3A02A910F9D0034FE8F /* DetailedPresenter.swift */; };
		CC19A3A32A912B1D0034FE8F /* IconTableCell.swift in Sources */ = {isa = PBXBuildFile; fileRef = CC19A3A22A912B1D0034FE8F /* IconTableCell.swift */; };
		CC19A3A52A9139FB0034FE8F /* InfoTableCell.swift in Sources */ = {isa = PBXBuildFile; fileRef = CC19A3A42A9139FB0034FE8F /* InfoTableCell.swift */; };
		CC19A3A72A91494E0034FE8F /* OriginTableCell.swift in Sources */ = {isa = PBXBuildFile; fileRef = CC19A3A62A91494E0034FE8F /* OriginTableCell.swift */; };
		CC19A3A92A914F8D0034FE8F /* EpisodesTableCell.swift in Sources */ = {isa = PBXBuildFile; fileRef = CC19A3A82A914F8D0034FE8F /* EpisodesTableCell.swift */; };
		CC19A3AB2A9240750034FE8F /* UINavigationController+Extension.swift in Sources */ = {isa = PBXBuildFile; fileRef = CC19A3AA2A9240750034FE8F /* UINavigationController+Extension.swift */; };
		CC19A3AD2A9240B70034FE8F /* InfoEpisodes.swift in Sources */ = {isa = PBXBuildFile; fileRef = CC19A3AC2A9240B70034FE8F /* InfoEpisodes.swift */; };
		CC19A3AF2A9240FC0034FE8F /* DetailModel.swift in Sources */ = {isa = PBXBuildFile; fileRef = CC19A3AE2A9240FC0034FE8F /* DetailModel.swift */; };
		CC19A3B12A92411A0034FE8F /* ContentType.swift in Sources */ = {isa = PBXBuildFile; fileRef = CC19A3B02A92411A0034FE8F /* ContentType.swift */; };
/* End PBXBuildFile section */

/* Begin PBXFileReference section */
		CC19A3642A8E7FA60034FE8F /* RickAndMortyApp.app */ = {isa = PBXFileReference; explicitFileType = wrapper.application; includeInIndex = 0; path = RickAndMortyApp.app; sourceTree = BUILT_PRODUCTS_DIR; };
		CC19A3672A8E7FA60034FE8F /* AppDelegate.swift */ = {isa = PBXFileReference; lastKnownFileType = sourcecode.swift; path = AppDelegate.swift; sourceTree = "<group>"; };
		CC19A3692A8E7FA60034FE8F /* SceneDelegate.swift */ = {isa = PBXFileReference; lastKnownFileType = sourcecode.swift; path = SceneDelegate.swift; sourceTree = "<group>"; };
		CC19A36B2A8E7FA60034FE8F /* MainViewController.swift */ = {isa = PBXFileReference; lastKnownFileType = sourcecode.swift; path = MainViewController.swift; sourceTree = "<group>"; };
		CC19A3702A8E7FA90034FE8F /* Assets.xcassets */ = {isa = PBXFileReference; lastKnownFileType = folder.assetcatalog; path = Assets.xcassets; sourceTree = "<group>"; };
		CC19A3732A8E7FA90034FE8F /* Base */ = {isa = PBXFileReference; lastKnownFileType = file.storyboard; name = Base; path = Base.lproj/LaunchScreen.storyboard; sourceTree = "<group>"; };
		CC19A3752A8E7FA90034FE8F /* Info.plist */ = {isa = PBXFileReference; lastKnownFileType = text.plist.xml; path = Info.plist; sourceTree = "<group>"; };
		CC19A37B2A8F83C70034FE8F /* CollectionViewCell.swift */ = {isa = PBXFileReference; lastKnownFileType = sourcecode.swift; path = CollectionViewCell.swift; sourceTree = "<group>"; };
		CC19A37D2A8FDD120034FE8F /* SectionHeader.swift */ = {isa = PBXFileReference; lastKnownFileType = sourcecode.swift; path = SectionHeader.swift; sourceTree = "<group>"; };
		CC19A3842A90D2770034FE8F /* MainPresenter.swift */ = {isa = PBXFileReference; lastKnownFileType = sourcecode.swift; path = MainPresenter.swift; sourceTree = "<group>"; };
		CC19A3862A90D42F0034FE8F /* ModuleBuilder.swift */ = {isa = PBXFileReference; lastKnownFileType = sourcecode.swift; path = ModuleBuilder.swift; sourceTree = "<group>"; };
		CC19A3882A90D43F0034FE8F /* Router.swift */ = {isa = PBXFileReference; lastKnownFileType = sourcecode.swift; path = Router.swift; sourceTree = "<group>"; };
		CC19A38A2A90D60F0034FE8F /* CharactersModel.swift */ = {isa = PBXFileReference; lastKnownFileType = sourcecode.swift; path = CharactersModel.swift; sourceTree = "<group>"; };
		CC19A38C2A90E30A0034FE8F /* NetworkProvaider.swift */ = {isa = PBXFileReference; lastKnownFileType = sourcecode.swift; path = NetworkProvaider.swift; sourceTree = "<group>"; };
		CC19A38E2A90F6440034FE8F /* InfoCharactersModel.swift */ = {isa = PBXFileReference; lastKnownFileType = sourcecode.swift; path = InfoCharactersModel.swift; sourceTree = "<group>"; };
		CC19A3902A90F66F0034FE8F /* CountOfCharacterModel.swift */ = {isa = PBXFileReference; lastKnownFileType = sourcecode.swift; path = CountOfCharacterModel.swift; sourceTree = "<group>"; };
		CC19A39C2A90F75F0034FE8F /* Constants.swift */ = {isa = PBXFileReference; lastKnownFileType = sourcecode.swift; path = Constants.swift; sourceTree = "<group>"; };
		CC19A39E2A910F3C0034FE8F /* DetailedViewController.swift */ = {isa = PBXFileReference; lastKnownFileType = sourcecode.swift; path = DetailedViewController.swift; sourceTree = "<group>"; };
		CC19A3A02A910F9D0034FE8F /* DetailedPresenter.swift */ = {isa = PBXFileReference; lastKnownFileType = sourcecode.swift; path = DetailedPresenter.swift; sourceTree = "<group>"; };
		CC19A3A22A912B1D0034FE8F /* IconTableCell.swift */ = {isa = PBXFileReference; lastKnownFileType = sourcecode.swift; path = IconTableCell.swift; sourceTree = "<group>"; };
		CC19A3A42A9139FB0034FE8F /* InfoTableCell.swift */ = {isa = PBXFileReference; lastKnownFileType = sourcecode.swift; path = InfoTableCell.swift; sourceTree = "<group>"; };
		CC19A3A62A91494E0034FE8F /* OriginTableCell.swift */ = {isa = PBXFileReference; lastKnownFileType = sourcecode.swift; path = OriginTableCell.swift; sourceTree = "<group>"; };
		CC19A3A82A914F8D0034FE8F /* EpisodesTableCell.swift */ = {isa = PBXFileReference; lastKnownFileType = sourcecode.swift; path = EpisodesTableCell.swift; sourceTree = "<group>"; };
		CC19A3AA2A9240750034FE8F /* UINavigationController+Extension.swift */ = {isa = PBXFileReference; lastKnownFileType = sourcecode.swift; path = "UINavigationController+Extension.swift"; sourceTree = "<group>"; };
		CC19A3AC2A9240B70034FE8F /* InfoEpisodes.swift */ = {isa = PBXFileReference; lastKnownFileType = sourcecode.swift; path = InfoEpisodes.swift; sourceTree = "<group>"; };
		CC19A3AE2A9240FC0034FE8F /* DetailModel.swift */ = {isa = PBXFileReference; lastKnownFileType = sourcecode.swift; path = DetailModel.swift; sourceTree = "<group>"; };
		CC19A3B02A92411A0034FE8F /* ContentType.swift */ = {isa = PBXFileReference; lastKnownFileType = sourcecode.swift; path = ContentType.swift; sourceTree = "<group>"; };
/* End PBXFileReference section */

/* Begin PBXFrameworksBuildPhase section */
		CC19A3612A8E7FA60034FE8F /* Frameworks */ = {
			isa = PBXFrameworksBuildPhase;
			buildActionMask = 2147483647;
			files = (
				CC19A3812A8FDFC30034FE8F /* SnapKit in Frameworks */,
			);
			runOnlyForDeploymentPostprocessing = 0;
		};
/* End PBXFrameworksBuildPhase section */

/* Begin PBXGroup section */
		CC19A35B2A8E7FA60034FE8F = {
			isa = PBXGroup;
			children = (
				CC19A3662A8E7FA60034FE8F /* RickAndMortyApp */,
				CC19A3652A8E7FA60034FE8F /* Products */,
			);
			sourceTree = "<group>";
		};
		CC19A3652A8E7FA60034FE8F /* Products */ = {
			isa = PBXGroup;
			children = (
				CC19A3642A8E7FA60034FE8F /* RickAndMortyApp.app */,
			);
			name = Products;
			sourceTree = "<group>";
		};
		CC19A3662A8E7FA60034FE8F /* RickAndMortyApp */ = {
			isa = PBXGroup;
			children = (
				CC19A3672A8E7FA60034FE8F /* AppDelegate.swift */,
				CC19A3692A8E7FA60034FE8F /* SceneDelegate.swift */,
				CC19A3B82A9241AD0034FE8F /* Enum */,
				CC19A3B72A9241A20034FE8F /* Extension */,
				CC19A3B22A9241600034FE8F /* DeatailModule */,
				CC19A3942A90F6DC0034FE8F /* MainModule */,
				CC19A39B2A90F73E0034FE8F /* CollectionCells */,
				CC19A3982A90F70D0034FE8F /* Services */,
				CC19A3702A8E7FA90034FE8F /* Assets.xcassets */,
				CC19A3722A8E7FA90034FE8F /* LaunchScreen.storyboard */,
				CC19A3752A8E7FA90034FE8F /* Info.plist */,
			);
			path = RickAndMortyApp;
			sourceTree = "<group>";
		};
		CC19A3922A90F6B40034FE8F /* Router */ = {
			isa = PBXGroup;
			children = (
				CC19A3882A90D43F0034FE8F /* Router.swift */,
			);
			path = Router;
			sourceTree = "<group>";
		};
		CC19A3932A90F6C10034FE8F /* ModuleBuilder */ = {
			isa = PBXGroup;
			children = (
				CC19A3862A90D42F0034FE8F /* ModuleBuilder.swift */,
			);
			path = ModuleBuilder;
			sourceTree = "<group>";
		};
		CC19A3942A90F6DC0034FE8F /* MainModule */ = {
			isa = PBXGroup;
			children = (
				CC19A3952A90F6EA0034FE8F /* Model */,
				CC19A3962A90F6F10034FE8F /* View */,
				CC19A3972A90F6F60034FE8F /* Presenter */,
			);
			path = MainModule;
			sourceTree = "<group>";
		};
		CC19A3952A90F6EA0034FE8F /* Model */ = {
			isa = PBXGroup;
			children = (
				CC19A38A2A90D60F0034FE8F /* CharactersModel.swift */,
			);
			path = Model;
			sourceTree = "<group>";
		};
		CC19A3962A90F6F10034FE8F /* View */ = {
			isa = PBXGroup;
			children = (
				CC19A36B2A8E7FA60034FE8F /* MainViewController.swift */,
			);
			path = View;
			sourceTree = "<group>";
		};
		CC19A3972A90F6F60034FE8F /* Presenter */ = {
			isa = PBXGroup;
			children = (
				CC19A3842A90D2770034FE8F /* MainPresenter.swift */,
			);
			path = Presenter;
			sourceTree = "<group>";
		};
		CC19A3982A90F70D0034FE8F /* Services */ = {
			isa = PBXGroup;
			children = (
				CC19A3932A90F6C10034FE8F /* ModuleBuilder */,
				CC19A3922A90F6B40034FE8F /* Router */,
				CC19A3992A90F7160034FE8F /* NetworkProvaider */,
			);
			path = Services;
			sourceTree = "<group>";
		};
		CC19A3992A90F7160034FE8F /* NetworkProvaider */ = {
			isa = PBXGroup;
			children = (
				CC19A38C2A90E30A0034FE8F /* NetworkProvaider.swift */,
				CC19A39A2A90F7230034FE8F /* NetworkModels */,
				CC19A39C2A90F75F0034FE8F /* Constants.swift */,
			);
			path = NetworkProvaider;
			sourceTree = "<group>";
		};
		CC19A39A2A90F7230034FE8F /* NetworkModels */ = {
			isa = PBXGroup;
			children = (
				CC19A3AC2A9240B70034FE8F /* InfoEpisodes.swift */,
				CC19A38E2A90F6440034FE8F /* InfoCharactersModel.swift */,
				CC19A3902A90F66F0034FE8F /* CountOfCharacterModel.swift */,
			);
			path = NetworkModels;
			sourceTree = "<group>";
		};
		CC19A39B2A90F73E0034FE8F /* CollectionCells */ = {
			isa = PBXGroup;
			children = (
				CC19A37D2A8FDD120034FE8F /* SectionHeader.swift */,
				CC19A37B2A8F83C70034FE8F /* CollectionViewCell.swift */,
			);
			path = CollectionCells;
			sourceTree = "<group>";
		};
		CC19A3B22A9241600034FE8F /* DeatailModule */ = {
			isa = PBXGroup;
			children = (
				CC19A3B32A9241720034FE8F /* View */,
				CC19A3B42A92417A0034FE8F /* Model */,
				CC19A3B52A9241810034FE8F /* Presenter */,
				CC19A3B62A92418C0034FE8F /* TableCells */,
			);
			path = DeatailModule;
			sourceTree = "<group>";
		};
		CC19A3B32A9241720034FE8F /* View */ = {
			isa = PBXGroup;
			children = (
				CC19A39E2A910F3C0034FE8F /* DetailedViewController.swift */,
			);
			path = View;
			sourceTree = "<group>";
		};
		CC19A3B42A92417A0034FE8F /* Model */ = {
			isa = PBXGroup;
			children = (
				CC19A3AE2A9240FC0034FE8F /* DetailModel.swift */,
			);
			path = Model;
			sourceTree = "<group>";
		};
		CC19A3B52A9241810034FE8F /* Presenter */ = {
			isa = PBXGroup;
			children = (
				CC19A3A02A910F9D0034FE8F /* DetailedPresenter.swift */,
			);
			path = Presenter;
			sourceTree = "<group>";
		};
		CC19A3B62A92418C0034FE8F /* TableCells */ = {
			isa = PBXGroup;
			children = (
				CC19A3A22A912B1D0034FE8F /* IconTableCell.swift */,
				CC19A3A42A9139FB0034FE8F /* InfoTableCell.swift */,
				CC19A3A62A91494E0034FE8F /* OriginTableCell.swift */,
				CC19A3A82A914F8D0034FE8F /* EpisodesTableCell.swift */,
			);
			path = TableCells;
			sourceTree = "<group>";
		};
		CC19A3B72A9241A20034FE8F /* Extension */ = {
			isa = PBXGroup;
			children = (
				CC19A3AA2A9240750034FE8F /* UINavigationController+Extension.swift */,
			);
			path = Extension;
			sourceTree = "<group>";
		};
		CC19A3B82A9241AD0034FE8F /* Enum */ = {
			isa = PBXGroup;
			children = (
				CC19A3B02A92411A0034FE8F /* ContentType.swift */,
			);
			path = Enum;
			sourceTree = "<group>";
		};
/* End PBXGroup section */

/* Begin PBXNativeTarget section */
		CC19A3632A8E7FA60034FE8F /* RickAndMortyApp */ = {
			isa = PBXNativeTarget;
			buildConfigurationList = CC19A3782A8E7FA90034FE8F /* Build configuration list for PBXNativeTarget "RickAndMortyApp" */;
			buildPhases = (
				CC19A3602A8E7FA60034FE8F /* Sources */,
				CC19A3612A8E7FA60034FE8F /* Frameworks */,
				CC19A3622A8E7FA60034FE8F /* Resources */,
			);
			buildRules = (
			);
			dependencies = (
			);
			name = RickAndMortyApp;
			packageProductDependencies = (
				CC19A3802A8FDFC30034FE8F /* SnapKit */,
			);
			productName = RickAndMortyApp;
			productReference = CC19A3642A8E7FA60034FE8F /* RickAndMortyApp.app */;
			productType = "com.apple.product-type.application";
		};
/* End PBXNativeTarget section */

/* Begin PBXProject section */
		CC19A35C2A8E7FA60034FE8F /* Project object */ = {
			isa = PBXProject;
			attributes = {
				BuildIndependentTargetsInParallel = 1;
				LastSwiftUpdateCheck = 1430;
				LastUpgradeCheck = 1430;
				TargetAttributes = {
					CC19A3632A8E7FA60034FE8F = {
						CreatedOnToolsVersion = 14.3.1;
					};
				};
			};
			buildConfigurationList = CC19A35F2A8E7FA60034FE8F /* Build configuration list for PBXProject "RickAndMortyApp" */;
			compatibilityVersion = "Xcode 14.0";
			developmentRegion = en;
			hasScannedForEncodings = 0;
			knownRegions = (
				en,
				Base,
			);
			mainGroup = CC19A35B2A8E7FA60034FE8F;
			packageReferences = (
				CC19A37F2A8FDFC30034FE8F /* XCRemoteSwiftPackageReference "SnapKit" */,
			);
			productRefGroup = CC19A3652A8E7FA60034FE8F /* Products */;
			projectDirPath = "";
			projectRoot = "";
			targets = (
				CC19A3632A8E7FA60034FE8F /* RickAndMortyApp */,
			);
		};
/* End PBXProject section */

/* Begin PBXResourcesBuildPhase section */
		CC19A3622A8E7FA60034FE8F /* Resources */ = {
			isa = PBXResourcesBuildPhase;
			buildActionMask = 2147483647;
			files = (
				CC19A3742A8E7FA90034FE8F /* LaunchScreen.storyboard in Resources */,
				CC19A3712A8E7FA90034FE8F /* Assets.xcassets in Resources */,
			);
			runOnlyForDeploymentPostprocessing = 0;
		};
/* End PBXResourcesBuildPhase section */

/* Begin PBXSourcesBuildPhase section */
		CC19A3602A8E7FA60034FE8F /* Sources */ = {
			isa = PBXSourcesBuildPhase;
			buildActionMask = 2147483647;
			files = (
				CC19A39F2A910F3C0034FE8F /* DetailedViewController.swift in Sources */,
				CC19A38B2A90D60F0034FE8F /* CharactersModel.swift in Sources */,
				CC19A3A72A91494E0034FE8F /* OriginTableCell.swift in Sources */,
				CC19A3892A90D43F0034FE8F /* Router.swift in Sources */,
				CC19A36C2A8E7FA60034FE8F /* MainViewController.swift in Sources */,
				CC19A3B12A92411A0034FE8F /* ContentType.swift in Sources */,
				CC19A3852A90D2770034FE8F /* MainPresenter.swift in Sources */,
				CC19A3682A8E7FA60034FE8F /* AppDelegate.swift in Sources */,
				CC19A3A32A912B1D0034FE8F /* IconTableCell.swift in Sources */,
				CC19A37E2A8FDD120034FE8F /* SectionHeader.swift in Sources */,
				CC19A3AB2A9240750034FE8F /* UINavigationController+Extension.swift in Sources */,
				CC19A3AD2A9240B70034FE8F /* InfoEpisodes.swift in Sources */,
				CC19A3912A90F66F0034FE8F /* CountOfCharacterModel.swift in Sources */,
				CC19A39D2A90F75F0034FE8F /* Constants.swift in Sources */,
				CC19A3A12A910F9D0034FE8F /* DetailedPresenter.swift in Sources */,
				CC19A3A92A914F8D0034FE8F /* EpisodesTableCell.swift in Sources */,
				CC19A3872A90D42F0034FE8F /* ModuleBuilder.swift in Sources */,
				CC19A37C2A8F83C70034FE8F /* CollectionViewCell.swift in Sources */,
				CC19A3A52A9139FB0034FE8F /* InfoTableCell.swift in Sources */,
				CC19A38F2A90F6440034FE8F /* InfoCharactersModel.swift in Sources */,
				CC19A36A2A8E7FA60034FE8F /* SceneDelegate.swift in Sources */,
				CC19A3AF2A9240FC0034FE8F /* DetailModel.swift in Sources */,
				CC19A38D2A90E30A0034FE8F /* NetworkProvaider.swift in Sources */,
			);
			runOnlyForDeploymentPostprocessing = 0;
		};
/* End PBXSourcesBuildPhase section */

/* Begin PBXVariantGroup section */
		CC19A3722A8E7FA90034FE8F /* LaunchScreen.storyboard */ = {
			isa = PBXVariantGroup;
			children = (
				CC19A3732A8E7FA90034FE8F /* Base */,
			);
			name = LaunchScreen.storyboard;
			sourceTree = "<group>";
		};
/* End PBXVariantGroup section */

/* Begin XCBuildConfiguration section */
		CC19A3762A8E7FA90034FE8F /* Debug */ = {
			isa = XCBuildConfiguration;
			buildSettings = {
				ALWAYS_SEARCH_USER_PATHS = NO;
				CLANG_ANALYZER_NONNULL = YES;
				CLANG_ANALYZER_NUMBER_OBJECT_CONVERSION = YES_AGGRESSIVE;
				CLANG_CXX_LANGUAGE_STANDARD = "gnu++20";
				CLANG_ENABLE_MODULES = YES;
				CLANG_ENABLE_OBJC_ARC = YES;
				CLANG_ENABLE_OBJC_WEAK = YES;
				CLANG_WARN_BLOCK_CAPTURE_AUTORELEASING = YES;
				CLANG_WARN_BOOL_CONVERSION = YES;
				CLANG_WARN_COMMA = YES;
				CLANG_WARN_CONSTANT_CONVERSION = YES;
				CLANG_WARN_DEPRECATED_OBJC_IMPLEMENTATIONS = YES;
				CLANG_WARN_DIRECT_OBJC_ISA_USAGE = YES_ERROR;
				CLANG_WARN_DOCUMENTATION_COMMENTS = YES;
				CLANG_WARN_EMPTY_BODY = YES;
				CLANG_WARN_ENUM_CONVERSION = YES;
				CLANG_WARN_INFINITE_RECURSION = YES;
				CLANG_WARN_INT_CONVERSION = YES;
				CLANG_WARN_NON_LITERAL_NULL_CONVERSION = YES;
				CLANG_WARN_OBJC_IMPLICIT_RETAIN_SELF = YES;
				CLANG_WARN_OBJC_LITERAL_CONVERSION = YES;
				CLANG_WARN_OBJC_ROOT_CLASS = YES_ERROR;
				CLANG_WARN_QUOTED_INCLUDE_IN_FRAMEWORK_HEADER = YES;
				CLANG_WARN_RANGE_LOOP_ANALYSIS = YES;
				CLANG_WARN_STRICT_PROTOTYPES = YES;
				CLANG_WARN_SUSPICIOUS_MOVE = YES;
				CLANG_WARN_UNGUARDED_AVAILABILITY = YES_AGGRESSIVE;
				CLANG_WARN_UNREACHABLE_CODE = YES;
				CLANG_WARN__DUPLICATE_METHOD_MATCH = YES;
				COPY_PHASE_STRIP = NO;
				DEBUG_INFORMATION_FORMAT = dwarf;
				ENABLE_STRICT_OBJC_MSGSEND = YES;
				ENABLE_TESTABILITY = YES;
				GCC_C_LANGUAGE_STANDARD = gnu11;
				GCC_DYNAMIC_NO_PIC = NO;
				GCC_NO_COMMON_BLOCKS = YES;
				GCC_OPTIMIZATION_LEVEL = 0;
				GCC_PREPROCESSOR_DEFINITIONS = (
					"DEBUG=1",
					"$(inherited)",
				);
				GCC_WARN_64_TO_32_BIT_CONVERSION = YES;
				GCC_WARN_ABOUT_RETURN_TYPE = YES_ERROR;
				GCC_WARN_UNDECLARED_SELECTOR = YES;
				GCC_WARN_UNINITIALIZED_AUTOS = YES_AGGRESSIVE;
				GCC_WARN_UNUSED_FUNCTION = YES;
				GCC_WARN_UNUSED_VARIABLE = YES;
				IPHONEOS_DEPLOYMENT_TARGET = 16.4;
				MTL_ENABLE_DEBUG_INFO = INCLUDE_SOURCE;
				MTL_FAST_MATH = YES;
				ONLY_ACTIVE_ARCH = YES;
				SDKROOT = iphoneos;
				SWIFT_ACTIVE_COMPILATION_CONDITIONS = DEBUG;
				SWIFT_OPTIMIZATION_LEVEL = "-Onone";
			};
			name = Debug;
		};
		CC19A3772A8E7FA90034FE8F /* Release */ = {
			isa = XCBuildConfiguration;
			buildSettings = {
				ALWAYS_SEARCH_USER_PATHS = NO;
				CLANG_ANALYZER_NONNULL = YES;
				CLANG_ANALYZER_NUMBER_OBJECT_CONVERSION = YES_AGGRESSIVE;
				CLANG_CXX_LANGUAGE_STANDARD = "gnu++20";
				CLANG_ENABLE_MODULES = YES;
				CLANG_ENABLE_OBJC_ARC = YES;
				CLANG_ENABLE_OBJC_WEAK = YES;
				CLANG_WARN_BLOCK_CAPTURE_AUTORELEASING = YES;
				CLANG_WARN_BOOL_CONVERSION = YES;
				CLANG_WARN_COMMA = YES;
				CLANG_WARN_CONSTANT_CONVERSION = YES;
				CLANG_WARN_DEPRECATED_OBJC_IMPLEMENTATIONS = YES;
				CLANG_WARN_DIRECT_OBJC_ISA_USAGE = YES_ERROR;
				CLANG_WARN_DOCUMENTATION_COMMENTS = YES;
				CLANG_WARN_EMPTY_BODY = YES;
				CLANG_WARN_ENUM_CONVERSION = YES;
				CLANG_WARN_INFINITE_RECURSION = YES;
				CLANG_WARN_INT_CONVERSION = YES;
				CLANG_WARN_NON_LITERAL_NULL_CONVERSION = YES;
				CLANG_WARN_OBJC_IMPLICIT_RETAIN_SELF = YES;
				CLANG_WARN_OBJC_LITERAL_CONVERSION = YES;
				CLANG_WARN_OBJC_ROOT_CLASS = YES_ERROR;
				CLANG_WARN_QUOTED_INCLUDE_IN_FRAMEWORK_HEADER = YES;
				CLANG_WARN_RANGE_LOOP_ANALYSIS = YES;
				CLANG_WARN_STRICT_PROTOTYPES = YES;
				CLANG_WARN_SUSPICIOUS_MOVE = YES;
				CLANG_WARN_UNGUARDED_AVAILABILITY = YES_AGGRESSIVE;
				CLANG_WARN_UNREACHABLE_CODE = YES;
				CLANG_WARN__DUPLICATE_METHOD_MATCH = YES;
				COPY_PHASE_STRIP = NO;
				DEBUG_INFORMATION_FORMAT = "dwarf-with-dsym";
				ENABLE_NS_ASSERTIONS = NO;
				ENABLE_STRICT_OBJC_MSGSEND = YES;
				GCC_C_LANGUAGE_STANDARD = gnu11;
				GCC_NO_COMMON_BLOCKS = YES;
				GCC_WARN_64_TO_32_BIT_CONVERSION = YES;
				GCC_WARN_ABOUT_RETURN_TYPE = YES_ERROR;
				GCC_WARN_UNDECLARED_SELECTOR = YES;
				GCC_WARN_UNINITIALIZED_AUTOS = YES_AGGRESSIVE;
				GCC_WARN_UNUSED_FUNCTION = YES;
				GCC_WARN_UNUSED_VARIABLE = YES;
				IPHONEOS_DEPLOYMENT_TARGET = 16.4;
				MTL_ENABLE_DEBUG_INFO = NO;
				MTL_FAST_MATH = YES;
				SDKROOT = iphoneos;
				SWIFT_COMPILATION_MODE = wholemodule;
				SWIFT_OPTIMIZATION_LEVEL = "-O";
				VALIDATE_PRODUCT = YES;
			};
			name = Release;
		};
		CC19A3792A8E7FA90034FE8F /* Debug */ = {
			isa = XCBuildConfiguration;
			buildSettings = {
				ASSETCATALOG_COMPILER_APPICON_NAME = AppIcon;
				ASSETCATALOG_COMPILER_GLOBAL_ACCENT_COLOR_NAME = AccentColor;
				CODE_SIGN_STYLE = Automatic;
				CURRENT_PROJECT_VERSION = 1;
				DEVELOPMENT_TEAM = G6WVNFWBQ8;
				GENERATE_INFOPLIST_FILE = YES;
				INFOPLIST_FILE = RickAndMortyApp/Info.plist;
				INFOPLIST_KEY_UIApplicationSupportsIndirectInputEvents = YES;
				INFOPLIST_KEY_UILaunchStoryboardName = LaunchScreen;
				INFOPLIST_KEY_UISupportedInterfaceOrientations_iPad = "UIInterfaceOrientationPortrait UIInterfaceOrientationPortraitUpsideDown UIInterfaceOrientationLandscapeLeft UIInterfaceOrientationLandscapeRight";
				INFOPLIST_KEY_UISupportedInterfaceOrientations_iPhone = "UIInterfaceOrientationPortrait UIInterfaceOrientationLandscapeLeft UIInterfaceOrientationLandscapeRight";
				LD_RUNPATH_SEARCH_PATHS = (
					"$(inherited)",
					"@executable_path/Frameworks",
				);
				MARKETING_VERSION = 1.0;
				PRODUCT_BUNDLE_IDENTIFIER = natallia.drozd.RickAndMortyApp;
				PRODUCT_NAME = "$(TARGET_NAME)";
				SWIFT_EMIT_LOC_STRINGS = YES;
				SWIFT_VERSION = 5.0;
				TARGETED_DEVICE_FAMILY = "1,2";
			};
			name = Debug;
		};
		CC19A37A2A8E7FA90034FE8F /* Release */ = {
			isa = XCBuildConfiguration;
			buildSettings = {
				ASSETCATALOG_COMPILER_APPICON_NAME = AppIcon;
				ASSETCATALOG_COMPILER_GLOBAL_ACCENT_COLOR_NAME = AccentColor;
				CODE_SIGN_STYLE = Automatic;
				CURRENT_PROJECT_VERSION = 1;
				DEVELOPMENT_TEAM = G6WVNFWBQ8;
				GENERATE_INFOPLIST_FILE = YES;
				INFOPLIST_FILE = RickAndMortyApp/Info.plist;
				INFOPLIST_KEY_UIApplicationSupportsIndirectInputEvents = YES;
				INFOPLIST_KEY_UILaunchStoryboardName = LaunchScreen;
				INFOPLIST_KEY_UISupportedInterfaceOrientations_iPad = "UIInterfaceOrientationPortrait UIInterfaceOrientationPortraitUpsideDown UIInterfaceOrientationLandscapeLeft UIInterfaceOrientationLandscapeRight";
				INFOPLIST_KEY_UISupportedInterfaceOrientations_iPhone = "UIInterfaceOrientationPortrait UIInterfaceOrientationLandscapeLeft UIInterfaceOrientationLandscapeRight";
				LD_RUNPATH_SEARCH_PATHS = (
					"$(inherited)",
					"@executable_path/Frameworks",
				);
				MARKETING_VERSION = 1.0;
				PRODUCT_BUNDLE_IDENTIFIER = natallia.drozd.RickAndMortyApp;
				PRODUCT_NAME = "$(TARGET_NAME)";
				SWIFT_EMIT_LOC_STRINGS = YES;
				SWIFT_VERSION = 5.0;
				TARGETED_DEVICE_FAMILY = "1,2";
			};
			name = Release;
		};
/* End XCBuildConfiguration section */

/* Begin XCConfigurationList section */
		CC19A35F2A8E7FA60034FE8F /* Build configuration list for PBXProject "RickAndMortyApp" */ = {
			isa = XCConfigurationList;
			buildConfigurations = (
				CC19A3762A8E7FA90034FE8F /* Debug */,
				CC19A3772A8E7FA90034FE8F /* Release */,
			);
			defaultConfigurationIsVisible = 0;
			defaultConfigurationName = Release;
		};
		CC19A3782A8E7FA90034FE8F /* Build configuration list for PBXNativeTarget "RickAndMortyApp" */ = {
			isa = XCConfigurationList;
			buildConfigurations = (
				CC19A3792A8E7FA90034FE8F /* Debug */,
				CC19A37A2A8E7FA90034FE8F /* Release */,
			);
			defaultConfigurationIsVisible = 0;
			defaultConfigurationName = Release;
		};
/* End XCConfigurationList section */

/* Begin XCRemoteSwiftPackageReference section */
		CC19A37F2A8FDFC30034FE8F /* XCRemoteSwiftPackageReference "SnapKit" */ = {
			isa = XCRemoteSwiftPackageReference;
			repositoryURL = "https://github.com/SnapKit/SnapKit.git";
			requirement = {
				kind = upToNextMajorVersion;
				minimumVersion = 5.0.0;
			};
		};
/* End XCRemoteSwiftPackageReference section */

/* Begin XCSwiftPackageProductDependency section */
		CC19A3802A8FDFC30034FE8F /* SnapKit */ = {
			isa = XCSwiftPackageProductDependency;
			package = CC19A37F2A8FDFC30034FE8F /* XCRemoteSwiftPackageReference "SnapKit" */;
			productName = SnapKit;
		};
/* End XCSwiftPackageProductDependency section */
	};
	rootObject = CC19A35C2A8E7FA60034FE8F /* Project object */;
}
